
Microsoft Visual Studio Solution File, Format Version 12.00
# Visual Studio Version 17
VisualStudioVersion = 17.9.34607.119
MinimumVisualStudioVersion = 10.0.40219.1
Project("{FAE04EC0-301F-11D3-BF4B-00C04F79EFBC}") = "Exepti'sGame", "Exepti'sGame.csproj", "{51FD10FF-BC32-425D-AEEB-CA51FD4FE837}"
EndProject
Global
	GlobalSection(SolutionConfigurationPlatforms) = preSolution
		Debug|Any CPU = Debug|Any CPU
		Release|Any CPU = Release|Any CPU
	EndGlobalSection
	GlobalSection(ProjectConfigurationPlatforms) = postSolution
		{51FD10FF-BC32-425D-AEEB-CA51FD4FE837}.Debug|Any CPU.ActiveCfg = Debug|Any CPU
		{51FD10FF-BC32-425D-AEEB-CA51FD4FE837}.Debug|Any CPU.Build.0 = Debug|Any CPU
		{51FD10FF-BC32-425D-AEEB-CA51FD4FE837}.Release|Any CPU.ActiveCfg = Release|Any CPU
		{51FD10FF-BC32-425D-AEEB-CA51FD4FE837}.Release|Any CPU.Build.0 = Release|Any CPU
	EndGlobalSection
	GlobalSection(SolutionProperties) = preSolution
		HideSolutionNode = FALSE
	EndGlobalSection
	GlobalSection(ExtensibilityGlobals) = postSolution
		SolutionGuid = {C2D9E975-D179-4B9D-B75B-EFE20F44FD5A}
	EndGlobalSection
EndGlobal
