
Microsoft Visual Studio Solution File, Format Version 12.00
# Visual Studio Version 17
VisualStudioVersion = 17.7.34221.43
MinimumVisualStudioVersion = 10.0.40219.1
Project("{FAE04EC0-301F-11D3-BF4B-00C04F79EFBC}") = "ThePropertiesOfArrows", "ThePropertiesOfArrows.csproj", "{6F114A1E-A492-4A4F-A93B-5ABBB9638803}"
EndProject
Global
	GlobalSection(SolutionConfigurationPlatforms) = preSolution
		Debug|Any CPU = Debug|Any CPU
		Release|Any CPU = Release|Any CPU
	EndGlobalSection
	GlobalSection(ProjectConfigurationPlatforms) = postSolution
		{6F114A1E-A492-4A4F-A93B-5ABBB9638803}.Debug|Any CPU.ActiveCfg = Debug|Any CPU
		{6F114A1E-A492-4A4F-A93B-5ABBB9638803}.Debug|Any CPU.Build.0 = Debug|Any CPU
		{6F114A1E-A492-4A4F-A93B-5ABBB9638803}.Release|Any CPU.ActiveCfg = Release|Any CPU
		{6F114A1E-A492-4A4F-A93B-5ABBB9638803}.Release|Any CPU.Build.0 = Release|Any CPU
	EndGlobalSection
	GlobalSection(SolutionProperties) = preSolution
		HideSolutionNode = FALSE
	EndGlobalSection
	GlobalSection(ExtensibilityGlobals) = postSolution
		SolutionGuid = {04DDB217-A534-4702-BAD4-48E292CD849D}
	EndGlobalSection
EndGlobal
