
Microsoft Visual Studio Solution File, Format Version 12.00
# Visual Studio Version 17
VisualStudioVersion = 17.7.34221.43
MinimumVisualStudioVersion = 10.0.40219.1
Project("{FAE04EC0-301F-11D3-BF4B-00C04F79EFBC}") = "TheReplicatorOfDTo", "TheReplicatorOfDTo.csproj", "{9286F052-BF90-484B-8582-51991EC8063E}"
EndProject
Global
	GlobalSection(SolutionConfigurationPlatforms) = preSolution
		Debug|Any CPU = Debug|Any CPU
		Release|Any CPU = Release|Any CPU
	EndGlobalSection
	GlobalSection(ProjectConfigurationPlatforms) = postSolution
		{9286F052-BF90-484B-8582-51991EC8063E}.Debug|Any CPU.ActiveCfg = Debug|Any CPU
		{9286F052-BF90-484B-8582-51991EC8063E}.Debug|Any CPU.Build.0 = Debug|Any CPU
		{9286F052-BF90-484B-8582-51991EC8063E}.Release|Any CPU.ActiveCfg = Release|Any CPU
		{9286F052-BF90-484B-8582-51991EC8063E}.Release|Any CPU.Build.0 = Release|Any CPU
	EndGlobalSection
	GlobalSection(SolutionProperties) = preSolution
		HideSolutionNode = FALSE
	EndGlobalSection
	GlobalSection(ExtensibilityGlobals) = postSolution
		SolutionGuid = {270817D5-B5A9-48ED-A8EC-16F1B8C4DD20}
	EndGlobalSection
EndGlobal
