
Microsoft Visual Studio Solution File, Format Version 12.00
# Visual Studio Version 17
VisualStudioVersion = 17.7.34221.43
MinimumVisualStudioVersion = 10.0.40219.1
Project("{FAE04EC0-301F-11D3-BF4B-00C04F79EFBC}") = "Simula'sSoup", "Simula'sSoup.csproj", "{3B95D51E-DCB1-481E-928E-8D75A1ED9941}"
EndProject
Global
	GlobalSection(SolutionConfigurationPlatforms) = preSolution
		Debug|Any CPU = Debug|Any CPU
		Release|Any CPU = Release|Any CPU
	EndGlobalSection
	GlobalSection(ProjectConfigurationPlatforms) = postSolution
		{3B95D51E-DCB1-481E-928E-8D75A1ED9941}.Debug|Any CPU.ActiveCfg = Debug|Any CPU
		{3B95D51E-DCB1-481E-928E-8D75A1ED9941}.Debug|Any CPU.Build.0 = Debug|Any CPU
		{3B95D51E-DCB1-481E-928E-8D75A1ED9941}.Release|Any CPU.ActiveCfg = Release|Any CPU
		{3B95D51E-DCB1-481E-928E-8D75A1ED9941}.Release|Any CPU.Build.0 = Release|Any CPU
	EndGlobalSection
	GlobalSection(SolutionProperties) = preSolution
		HideSolutionNode = FALSE
	EndGlobalSection
	GlobalSection(ExtensibilityGlobals) = postSolution
		SolutionGuid = {3A88D13E-517B-47BB-8D5F-F1F6CFAF38EA}
	EndGlobalSection
EndGlobal
